{
  "pins" : [
    {
      "identity" : "animatetext",
      "kind" : "remoteSourceControl",
      "location" : "https://github.com/jasudev/AnimateText.git",
      "state" : {
        "revision" : "c55847e03bb3f36cf83cc217fe60ec5feda9ddd6",
        "version" : "0.5.0"
      }
    }
  ],
  "version" : 2
}
